<?xml version="1.0" encoding="utf-8"?>
<Project ToolsVersion="4.0" xmlns="http://schemas.microsoft.com/developer/msbuild/2003">
  <ItemGroup>
    <ClCompile Include="main.cpp" />
    <ClCompile Include="Tilemap.cpp" />
    <ClCompile Include="Character.cpp" />
    <ClCompile Include="NPC.cpp" />
  </ItemGroup>
  <ItemGroup>
    <ClInclude Include="Tilemap.h" />
    <ClInclude Include="Character.h" />
    <ClInclude Include="NPC.h" />
  </ItemGroup>
  <ItemGroup>
    <Text Include="FANCY.txt">
      <Filter>TXT file</Filter>
    </Text>
    <Text Include="tilemap.txt">
      <Filter>TXT file</Filter>
    </Text>
    <Text Include="tiles.txt">
      <Filter>TXT file</Filter>
    </Text>
  </ItemGroup>
  <ItemGroup>
    <Filter Include="TXT file">
      <UniqueIdentifier>{d358d9c8-23a1-476c-8b35-97b0fac345e1}</UniqueIdentifier>
    </Filter>
  </ItemGroup>
</Project>